
Microsoft Visual Studio Solution File, Format Version 12.00
# Visual Studio Version 16
VisualStudioVersion = 16.0.30114.105
MinimumVisualStudioVersion = 10.0.40219.1
Project("{FAE04EC0-301F-11D3-BF4B-00C04F79EFBC}") = "MiniRpg2022.Console", "MiniRpg2022.Console\MiniRpg2022.Console.csproj", "{6CD64C45-73D4-4D0D-81A2-F2597A95657E}"
EndProject
Project("{FAE04EC0-301F-11D3-BF4B-00C04F79EFBC}") = "MiniRpg2022.Logic", "MiniRpg2022.Logic\MiniRpg2022.Logic.csproj", "{7F7ABC8F-6AE7-4BE5-B39D-15F340999599}"
EndProject
Project("{FAE04EC0-301F-11D3-BF4B-00C04F79EFBC}") = "MiniRpg2022.Runtime", "MiniRpg2022.Runtime\MiniRpg2022.Runtime.csproj", "{BE99D5F6-6272-43FD-B191-7FC67CC9F8F5}"
EndProject
Project("{FAE04EC0-301F-11D3-BF4B-00C04F79EFBC}") = "MiniRpg2022.Logic.UnitTests", "MiniRpg2022.Logic.UnitTests\MiniRpg2022.Logic.UnitTests.csproj", "{006DDC85-7EEA-4B03-A506-759E13D521EA}"
EndProject
Project("{FAE04EC0-301F-11D3-BF4B-00C04F79EFBC}") = "MiniRpg2022.Console.UnitTests", "MiniRpg2022.Console.UnitTests\MiniRpg2022.Console.UnitTests.csproj", "{3785FC3A-883F-4F0B-8C5F-472638C643A4}"
EndProject
Global
	GlobalSection(SolutionConfigurationPlatforms) = preSolution
		Debug|Any CPU = Debug|Any CPU
		Release|Any CPU = Release|Any CPU
	EndGlobalSection
	GlobalSection(SolutionProperties) = preSolution
		HideSolutionNode = FALSE
	EndGlobalSection
	GlobalSection(ProjectConfigurationPlatforms) = postSolution
		{6CD64C45-73D4-4D0D-81A2-F2597A95657E}.Debug|Any CPU.ActiveCfg = Debug|Any CPU
		{6CD64C45-73D4-4D0D-81A2-F2597A95657E}.Debug|Any CPU.Build.0 = Debug|Any CPU
		{6CD64C45-73D4-4D0D-81A2-F2597A95657E}.Release|Any CPU.ActiveCfg = Release|Any CPU
		{6CD64C45-73D4-4D0D-81A2-F2597A95657E}.Release|Any CPU.Build.0 = Release|Any CPU
		{7F7ABC8F-6AE7-4BE5-B39D-15F340999599}.Debug|Any CPU.ActiveCfg = Debug|Any CPU
		{7F7ABC8F-6AE7-4BE5-B39D-15F340999599}.Debug|Any CPU.Build.0 = Debug|Any CPU
		{7F7ABC8F-6AE7-4BE5-B39D-15F340999599}.Release|Any CPU.ActiveCfg = Release|Any CPU
		{7F7ABC8F-6AE7-4BE5-B39D-15F340999599}.Release|Any CPU.Build.0 = Release|Any CPU
		{BE99D5F6-6272-43FD-B191-7FC67CC9F8F5}.Debug|Any CPU.ActiveCfg = Debug|Any CPU
		{BE99D5F6-6272-43FD-B191-7FC67CC9F8F5}.Debug|Any CPU.Build.0 = Debug|Any CPU
		{BE99D5F6-6272-43FD-B191-7FC67CC9F8F5}.Release|Any CPU.ActiveCfg = Release|Any CPU
		{BE99D5F6-6272-43FD-B191-7FC67CC9F8F5}.Release|Any CPU.Build.0 = Release|Any CPU
		{006DDC85-7EEA-4B03-A506-759E13D521EA}.Debug|Any CPU.ActiveCfg = Debug|Any CPU
		{006DDC85-7EEA-4B03-A506-759E13D521EA}.Debug|Any CPU.Build.0 = Debug|Any CPU
		{006DDC85-7EEA-4B03-A506-759E13D521EA}.Release|Any CPU.ActiveCfg = Release|Any CPU
		{006DDC85-7EEA-4B03-A506-759E13D521EA}.Release|Any CPU.Build.0 = Release|Any CPU
		{3785FC3A-883F-4F0B-8C5F-472638C643A4}.Debug|Any CPU.ActiveCfg = Debug|Any CPU
		{3785FC3A-883F-4F0B-8C5F-472638C643A4}.Debug|Any CPU.Build.0 = Debug|Any CPU
		{3785FC3A-883F-4F0B-8C5F-472638C643A4}.Release|Any CPU.ActiveCfg = Release|Any CPU
		{3785FC3A-883F-4F0B-8C5F-472638C643A4}.Release|Any CPU.Build.0 = Release|Any CPU
	EndGlobalSection
EndGlobal
