
Microsoft Visual Studio Solution File, Format Version 12.00
# Visual Studio Version 16
VisualStudioVersion = 16.0.30114.105
MinimumVisualStudioVersion = 10.0.40219.1
Project("{FAE04EC0-301F-11D3-BF4B-00C04F79EFBC}") = "MiniRpg2022.Console", "MiniRpg2022.Console\MiniRpg2022.Console.csproj", "{6CD64C45-73D4-4D0D-81A2-F2597A95657E}"
EndProject
Project("{FAE04EC0-301F-11D3-BF4B-00C04F79EFBC}") = "MiniRpg2022.Logic", "MiniRpg2022.Logic\MiniRpg2022.Logic.csproj", "{7F7ABC8F-6AE7-4BE5-B39D-15F340999599}"
EndProject
Project("{FAE04EC0-301F-11D3-BF4B-00C04F79EFBC}") = "MiniRpg2022.UnitTests", "MiniRpg2022.UnitTests\MiniRpg2022.UnitTests.csproj", "{B3013C7F-DD6E-4936-9148-EDEB989F351A}"
EndProject
Project("{FAE04EC0-301F-11D3-BF4B-00C04F79EFBC}") = "MiniRpg2022.Runtime", "MiniRpg2022.Runtime\MiniRpg2022.Runtime.csproj", "{BE99D5F6-6272-43FD-B191-7FC67CC9F8F5}"
EndProject
Global
	GlobalSection(SolutionConfigurationPlatforms) = preSolution
		Debug|Any CPU = Debug|Any CPU
		Release|Any CPU = Release|Any CPU
	EndGlobalSection
	GlobalSection(SolutionProperties) = preSolution
		HideSolutionNode = FALSE
	EndGlobalSection
	GlobalSection(ProjectConfigurationPlatforms) = postSolution
		{6CD64C45-73D4-4D0D-81A2-F2597A95657E}.Debug|Any CPU.ActiveCfg = Debug|Any CPU
		{6CD64C45-73D4-4D0D-81A2-F2597A95657E}.Debug|Any CPU.Build.0 = Debug|Any CPU
		{6CD64C45-73D4-4D0D-81A2-F2597A95657E}.Release|Any CPU.ActiveCfg = Release|Any CPU
		{6CD64C45-73D4-4D0D-81A2-F2597A95657E}.Release|Any CPU.Build.0 = Release|Any CPU
		{7F7ABC8F-6AE7-4BE5-B39D-15F340999599}.Debug|Any CPU.ActiveCfg = Debug|Any CPU
		{7F7ABC8F-6AE7-4BE5-B39D-15F340999599}.Debug|Any CPU.Build.0 = Debug|Any CPU
		{7F7ABC8F-6AE7-4BE5-B39D-15F340999599}.Release|Any CPU.ActiveCfg = Release|Any CPU
		{7F7ABC8F-6AE7-4BE5-B39D-15F340999599}.Release|Any CPU.Build.0 = Release|Any CPU
		{B3013C7F-DD6E-4936-9148-EDEB989F351A}.Debug|Any CPU.ActiveCfg = Debug|Any CPU
		{B3013C7F-DD6E-4936-9148-EDEB989F351A}.Debug|Any CPU.Build.0 = Debug|Any CPU
		{B3013C7F-DD6E-4936-9148-EDEB989F351A}.Release|Any CPU.ActiveCfg = Release|Any CPU
		{B3013C7F-DD6E-4936-9148-EDEB989F351A}.Release|Any CPU.Build.0 = Release|Any CPU
		{BE99D5F6-6272-43FD-B191-7FC67CC9F8F5}.Debug|Any CPU.ActiveCfg = Debug|Any CPU
		{BE99D5F6-6272-43FD-B191-7FC67CC9F8F5}.Debug|Any CPU.Build.0 = Debug|Any CPU
		{BE99D5F6-6272-43FD-B191-7FC67CC9F8F5}.Release|Any CPU.ActiveCfg = Release|Any CPU
		{BE99D5F6-6272-43FD-B191-7FC67CC9F8F5}.Release|Any CPU.Build.0 = Release|Any CPU
	EndGlobalSection
EndGlobal
